
Microsoft Visual Studio Solution File, Format Version 12.00
# Visual Studio Version 16
VisualStudioVersion = 16.0.30523.141
MinimumVisualStudioVersion = 10.0.40219.1
Project("{FAE04EC0-301F-11D3-BF4B-00C04F79EFBC}") = "Work Ticketing System", "Work Ticketing System\Work Ticketing System.csproj", "{7AEAC7F9-E933-4925-9E06-9DDAE2A70A30}"
EndProject
Project("{2150E333-8FDC-42A3-9474-1A3956D46DE8}") = "Solution Items", "Solution Items", "{684D8431-6B23-4973-B22D-D11FECF989A2}"
	ProjectSection(SolutionItems) = preProject
		.editorconfig = .editorconfig
	EndProjectSection
EndProject
Global
	GlobalSection(SolutionConfigurationPlatforms) = preSolution
		Debug|Any CPU = Debug|Any CPU
		Release|Any CPU = Release|Any CPU
	EndGlobalSection
	GlobalSection(ProjectConfigurationPlatforms) = postSolution
		{7AEAC7F9-E933-4925-9E06-9DDAE2A70A30}.Debug|Any CPU.ActiveCfg = Debug|Any CPU
		{7AEAC7F9-E933-4925-9E06-9DDAE2A70A30}.Debug|Any CPU.Build.0 = Debug|Any CPU
		{7AEAC7F9-E933-4925-9E06-9DDAE2A70A30}.Release|Any CPU.ActiveCfg = Release|Any CPU
		{7AEAC7F9-E933-4925-9E06-9DDAE2A70A30}.Release|Any CPU.Build.0 = Release|Any CPU
	EndGlobalSection
	GlobalSection(SolutionProperties) = preSolution
		HideSolutionNode = FALSE
	EndGlobalSection
	GlobalSection(ExtensibilityGlobals) = postSolution
		SolutionGuid = {3D108E8C-40F4-489A-9764-2AAA3D6A9AAF}
	EndGlobalSection
EndGlobal
